
Microsoft Visual Studio Solution File, Format Version 12.00
# Visual Studio Version 17
VisualStudioVersion = 17.4.33205.214
MinimumVisualStudioVersion = 10.0.40219.1
Project("{9A19103F-16F7-4668-BE54-9A1E7A4F7556}") = "SteamAPIUserInfo", "SteamAPIUserInfo\SteamAPIUserInfo.csproj", "{70228382-46C4-415A-BBFA-AC0D4CB0501F}"
EndProject
Project("{9A19103F-16F7-4668-BE54-9A1E7A4F7556}") = "SteamAPIUserInfoUI", "SteamAPIUserInfoUI\SteamAPIUserInfoUI.csproj", "{615D8038-2B46-41EB-ABE5-5F979AC08E94}"
EndProject
Project("{9A19103F-16F7-4668-BE54-9A1E7A4F7556}") = "SteamGroupSearcher", "SteamGroupSearcher\SteamGroupSearcher.csproj", "{00EAFF32-24D9-42C5-A503-F7BA989C6109}"
EndProject
Project("{FAE04EC0-301F-11D3-BF4B-00C04F79EFBC}") = "ObtainGroupsCount", "ObtainGroupsCount\ObtainGroupsCount.csproj", "{8409FE9E-F86F-4EE2-96B5-F266A48AF653}"
EndProject
Global
	GlobalSection(SolutionConfigurationPlatforms) = preSolution
		Debug|Any CPU = Debug|Any CPU
		Release|Any CPU = Release|Any CPU
	EndGlobalSection
	GlobalSection(ProjectConfigurationPlatforms) = postSolution
		{70228382-46C4-415A-BBFA-AC0D4CB0501F}.Debug|Any CPU.ActiveCfg = Debug|Any CPU
		{70228382-46C4-415A-BBFA-AC0D4CB0501F}.Debug|Any CPU.Build.0 = Debug|Any CPU
		{70228382-46C4-415A-BBFA-AC0D4CB0501F}.Release|Any CPU.ActiveCfg = Release|Any CPU
		{70228382-46C4-415A-BBFA-AC0D4CB0501F}.Release|Any CPU.Build.0 = Release|Any CPU
		{615D8038-2B46-41EB-ABE5-5F979AC08E94}.Debug|Any CPU.ActiveCfg = Debug|Any CPU
		{615D8038-2B46-41EB-ABE5-5F979AC08E94}.Debug|Any CPU.Build.0 = Debug|Any CPU
		{615D8038-2B46-41EB-ABE5-5F979AC08E94}.Release|Any CPU.ActiveCfg = Release|Any CPU
		{615D8038-2B46-41EB-ABE5-5F979AC08E94}.Release|Any CPU.Build.0 = Release|Any CPU
		{00EAFF32-24D9-42C5-A503-F7BA989C6109}.Debug|Any CPU.ActiveCfg = Debug|Any CPU
		{00EAFF32-24D9-42C5-A503-F7BA989C6109}.Debug|Any CPU.Build.0 = Debug|Any CPU
		{00EAFF32-24D9-42C5-A503-F7BA989C6109}.Release|Any CPU.ActiveCfg = Release|Any CPU
		{00EAFF32-24D9-42C5-A503-F7BA989C6109}.Release|Any CPU.Build.0 = Release|Any CPU
		{8409FE9E-F86F-4EE2-96B5-F266A48AF653}.Debug|Any CPU.ActiveCfg = Debug|Any CPU
		{8409FE9E-F86F-4EE2-96B5-F266A48AF653}.Debug|Any CPU.Build.0 = Debug|Any CPU
		{8409FE9E-F86F-4EE2-96B5-F266A48AF653}.Release|Any CPU.ActiveCfg = Release|Any CPU
		{8409FE9E-F86F-4EE2-96B5-F266A48AF653}.Release|Any CPU.Build.0 = Release|Any CPU
	EndGlobalSection
	GlobalSection(SolutionProperties) = preSolution
		HideSolutionNode = FALSE
	EndGlobalSection
	GlobalSection(ExtensibilityGlobals) = postSolution
		SolutionGuid = {014E24B7-9923-4441-A0EE-A9132E2FDB1D}
	EndGlobalSection
EndGlobal
